Microsoft Visual Studio Solution File, Format Version 12.00
# Visual Studio 15
VisualStudioVersion = 15.0.26430.6
MinimumVisualStudioVersion = 10.0.40219.1
Project("{2150E333-8FDC-42A3-9474-1A3956D46DE8}") = "Files", "Files", "{148431F6-5BA9-4987-80CF-DF9F23F54947}"
	ProjectSection(SolutionItems) = preProject
		.editorconfig = .editorconfig
		.gitattributes = .gitattributes
		.gitignore = .gitignore
		appveyor.yml = appveyor.yml
		Build.ps1 = Build.ps1
		CHANGES.md = CHANGES.md
		global.json = global.json
		LICENSE = LICENSE
		README.md = README.md
		src\Serilog.Sinks.Elasticsearch\Serilog.Sinks.ElasticSearch.Symbols.nuspec = src\Serilog.Sinks.Elasticsearch\Serilog.Sinks.ElasticSearch.Symbols.nuspec
	EndProjectSection
EndProject
Project("{9A19103F-16F7-4668-BE54-9A1E7A4F7556}") = "Serilog.Sinks.Elasticsearch", "src\Serilog.Sinks.Elasticsearch\Serilog.Sinks.Elasticsearch.csproj", "{EEB0D119-687E-444E-BF14-9BDAEC9BA3EF}"
EndProject
Project("{9A19103F-16F7-4668-BE54-9A1E7A4F7556}") = "Serilog.Sinks.Elasticsearch.Tests", "test\Serilog.Sinks.Elasticsearch.Tests\Serilog.Sinks.Elasticsearch.Tests.csproj", "{CA358673-C4B6-49D0-8EC5-D6CB50A11CC0}"
EndProject
Global
	GlobalSection(SolutionConfigurationPlatforms) = preSolution
		Debug|Any CPU = Debug|Any CPU
		Release|Any CPU = Release|Any CPU
	EndGlobalSection
	GlobalSection(ProjectConfigurationPlatforms) = postSolution
		{EEB0D119-687E-444E-BF14-9BDAEC9BA3EF}.Debug|Any CPU.ActiveCfg = Debug|Any CPU
		{EEB0D119-687E-444E-BF14-9BDAEC9BA3EF}.Debug|Any CPU.Build.0 = Debug|Any CPU
		{EEB0D119-687E-444E-BF14-9BDAEC9BA3EF}.Release|Any CPU.ActiveCfg = Release|Any CPU
		{EEB0D119-687E-444E-BF14-9BDAEC9BA3EF}.Release|Any CPU.Build.0 = Release|Any CPU
		{CA358673-C4B6-49D0-8EC5-D6CB50A11CC0}.Debug|Any CPU.ActiveCfg = Debug|Any CPU
		{CA358673-C4B6-49D0-8EC5-D6CB50A11CC0}.Debug|Any CPU.Build.0 = Debug|Any CPU
		{CA358673-C4B6-49D0-8EC5-D6CB50A11CC0}.Release|Any CPU.ActiveCfg = Release|Any CPU
		{CA358673-C4B6-49D0-8EC5-D6CB50A11CC0}.Release|Any CPU.Build.0 = Release|Any CPU
	EndGlobalSection
	GlobalSection(SolutionProperties) = preSolution
		HideSolutionNode = FALSE
	EndGlobalSection
EndGlobal
